
Microsoft Visual Studio Solution File, Format Version 12.00
# Visual Studio Version 17
VisualStudioVersion = 17.10.34916.146
MinimumVisualStudioVersion = 10.0.40219.1
Project("{FAE04EC0-301F-11D3-BF4B-00C04F79EFBC}") = "PmsWebApi", "PmsWebApi\PmsWebApi.csproj", "{C0EBBBF6-8A84-4435-BD8D-B1B444296935}"
EndProject
Global
	GlobalSection(SolutionConfigurationPlatforms) = preSolution
		Debug|Any CPU = Debug|Any CPU
		Release|Any CPU = Release|Any CPU
	EndGlobalSection
	GlobalSection(ProjectConfigurationPlatforms) = postSolution
		{C0EBBBF6-8A84-4435-BD8D-B1B444296935}.Debug|Any CPU.ActiveCfg = Debug|Any CPU
		{C0EBBBF6-8A84-4435-BD8D-B1B444296935}.Debug|Any CPU.Build.0 = Debug|Any CPU
		{C0EBBBF6-8A84-4435-BD8D-B1B444296935}.Release|Any CPU.ActiveCfg = Release|Any CPU
		{C0EBBBF6-8A84-4435-BD8D-B1B444296935}.Release|Any CPU.Build.0 = Release|Any CPU
	EndGlobalSection
	GlobalSection(SolutionProperties) = preSolution
		HideSolutionNode = FALSE
	EndGlobalSection
	GlobalSection(ExtensibilityGlobals) = postSolution
		SolutionGuid = {3E78B015-8CF1-4E88-81A2-E42128937446}
	EndGlobalSection
EndGlobal
